
Microsoft Visual Studio Solution File, Format Version 12.00
# Visual Studio 15
VisualStudioVersion = 15.0.27130.2027
MinimumVisualStudioVersion = 10.0.40219.1
Project("{FAE04EC0-301F-11D3-BF4B-00C04F79EFBC}") = "WarTestRules", "WarTestRules\WarTestRules.csproj", "{AD90F290-3DEB-4D11-BC1D-F20B42E4CBF2}"
EndProject
Project("{FAE04EC0-301F-11D3-BF4B-00C04F79EFBC}") = "WarTestDemo", "WarTestDemo\WarTestDemo.csproj", "{D6066658-E16E-496F-9728-9D519A15CFE5}"
EndProject
Global
	GlobalSection(SolutionConfigurationPlatforms) = preSolution
		Debug|Any CPU = Debug|Any CPU
		Release|Any CPU = Release|Any CPU
	EndGlobalSection
	GlobalSection(ProjectConfigurationPlatforms) = postSolution
		{AD90F290-3DEB-4D11-BC1D-F20B42E4CBF2}.Debug|Any CPU.ActiveCfg = Debug|Any CPU
		{AD90F290-3DEB-4D11-BC1D-F20B42E4CBF2}.Debug|Any CPU.Build.0 = Debug|Any CPU
		{AD90F290-3DEB-4D11-BC1D-F20B42E4CBF2}.Release|Any CPU.ActiveCfg = Release|Any CPU
		{AD90F290-3DEB-4D11-BC1D-F20B42E4CBF2}.Release|Any CPU.Build.0 = Release|Any CPU
		{D6066658-E16E-496F-9728-9D519A15CFE5}.Debug|Any CPU.ActiveCfg = Debug|Any CPU
		{D6066658-E16E-496F-9728-9D519A15CFE5}.Debug|Any CPU.Build.0 = Debug|Any CPU
		{D6066658-E16E-496F-9728-9D519A15CFE5}.Release|Any CPU.ActiveCfg = Release|Any CPU
		{D6066658-E16E-496F-9728-9D519A15CFE5}.Release|Any CPU.Build.0 = Release|Any CPU
	EndGlobalSection
	GlobalSection(SolutionProperties) = preSolution
		HideSolutionNode = FALSE
	EndGlobalSection
	GlobalSection(ExtensibilityGlobals) = postSolution
		SolutionGuid = {48E7727F-5CE3-4CAF-AAEC-FA4DD6DD9E42}
	EndGlobalSection
EndGlobal
